{ devshell = { lastModified = 1764011051; lastModifiedDate = "20251124190411"; narHash = "sha256-M7SZyPZiqZUR/EiiBJnmyUbOi5oE/03tCeFrTiUZchI="; outPath = "/nix/store/arr48rhv184f96f4l793z9lkhi75j24n-source"; rev = "17ed8d9744ebe70424659b0ef74ad6d41fc87071"; revCount = 0; shortRev = "17ed8d9"; submodules = false; }; nixpkgs = { lastModified = 1764020296; lastModifiedDate = "20251124213816"; narHash = "sha256-6zddwDs2n+n01l+1TG6PlyokDdXzu/oBmEejcH5L5+A="; outPath = "/nix/store/mj8s60rh7ramcjvq2ipaks1wxsmzkxh6-source"; rev = "a320ce8e6e2cc6b4397eef214d202a50a4583829"; revCount = 0; shortRev = "a320ce8"; submodules = false; }; }
